
Microsoft Visual Studio Solution File, Format Version 12.00
# Visual Studio Version 17
VisualStudioVersion = 17.4.33122.133
MinimumVisualStudioVersion = 10.0.40219.1
Project("{FAE04EC0-301F-11D3-BF4B-00C04F79EFBC}") = "DepartmentEmployeeeSystem2", "DepartmentEmployeeeSystem2.csproj", "{C1F9BFD5-75D7-4934-AEB8-1DF20D617AF1}"
EndProject
Global
	GlobalSection(SolutionConfigurationPlatforms) = preSolution
		Debug|Any CPU = Debug|Any CPU
		Release|Any CPU = Release|Any CPU
	EndGlobalSection
	GlobalSection(ProjectConfigurationPlatforms) = postSolution
		{C1F9BFD5-75D7-4934-AEB8-1DF20D617AF1}.Debug|Any CPU.ActiveCfg = Debug|Any CPU
		{C1F9BFD5-75D7-4934-AEB8-1DF20D617AF1}.Debug|Any CPU.Build.0 = Debug|Any CPU
		{C1F9BFD5-75D7-4934-AEB8-1DF20D617AF1}.Release|Any CPU.ActiveCfg = Release|Any CPU
		{C1F9BFD5-75D7-4934-AEB8-1DF20D617AF1}.Release|Any CPU.Build.0 = Release|Any CPU
	EndGlobalSection
	GlobalSection(SolutionProperties) = preSolution
		HideSolutionNode = FALSE
	EndGlobalSection
	GlobalSection(ExtensibilityGlobals) = postSolution
		SolutionGuid = {45B3467F-B8DD-4EA7-A148-877F1E4AF780}
	EndGlobalSection
EndGlobal
